
Microsoft Visual Studio Solution File, Format Version 12.00
# Visual Studio Version 17
VisualStudioVersion = 17.13.35919.96 d17.13
MinimumVisualStudioVersion = 10.0.40219.1
Project("{8BC9CEB8-8B4A-11D0-8D11-00A0C91BC942}") = "PriorityChange", "PriorityChange\PriorityChange.vcxproj", "{4FFE2030-A33C-31EA-4DC1-3CBB2DD2FAEB}"
EndProject
Global
	GlobalSection(SolutionConfigurationPlatforms) = preSolution
		Debug|ARM64 = Debug|ARM64
		Debug|x64 = Debug|x64
		Release|ARM64 = Release|ARM64
		Release|x64 = Release|x64
	EndGlobalSection
	GlobalSection(ProjectConfigurationPlatforms) = postSolution
		{4FFE2030-A33C-31EA-4DC1-3CBB2DD2FAEB}.Debug|ARM64.ActiveCfg = Debug|ARM64
		{4FFE2030-A33C-31EA-4DC1-3CBB2DD2FAEB}.Debug|ARM64.Build.0 = Debug|ARM64
		{4FFE2030-A33C-31EA-4DC1-3CBB2DD2FAEB}.Debug|ARM64.Deploy.0 = Debug|ARM64
		{4FFE2030-A33C-31EA-4DC1-3CBB2DD2FAEB}.Debug|x64.ActiveCfg = Debug|x64
		{4FFE2030-A33C-31EA-4DC1-3CBB2DD2FAEB}.Debug|x64.Build.0 = Debug|x64
		{4FFE2030-A33C-31EA-4DC1-3CBB2DD2FAEB}.Debug|x64.Deploy.0 = Debug|x64
		{4FFE2030-A33C-31EA-4DC1-3CBB2DD2FAEB}.Release|ARM64.ActiveCfg = Release|ARM64
		{4FFE2030-A33C-31EA-4DC1-3CBB2DD2FAEB}.Release|ARM64.Build.0 = Release|ARM64
		{4FFE2030-A33C-31EA-4DC1-3CBB2DD2FAEB}.Release|ARM64.Deploy.0 = Release|ARM64
		{4FFE2030-A33C-31EA-4DC1-3CBB2DD2FAEB}.Release|x64.ActiveCfg = Release|x64
		{4FFE2030-A33C-31EA-4DC1-3CBB2DD2FAEB}.Release|x64.Build.0 = Release|x64
		{4FFE2030-A33C-31EA-4DC1-3CBB2DD2FAEB}.Release|x64.Deploy.0 = Release|x64
	EndGlobalSection
	GlobalSection(SolutionProperties) = preSolution
		HideSolutionNode = FALSE
	EndGlobalSection
	GlobalSection(ExtensibilityGlobals) = postSolution
		SolutionGuid = {ABE7519A-9702-44BF-BC7B-4D0D1C9A5A92}
	EndGlobalSection
EndGlobal
